
Microsoft Visual Studio Solution File, Format Version 10.00
# Visual Studio 2008
Project("{FAE04EC0-301F-11D3-BF4B-00C04F79EFBC}") = "CarbonFitness.BusinessLogic", "CarbonFitness.BusinessLogic\CarbonFitness.BusinessLogic.csproj", "{D93A9DD8-A93F-4276-8F62-C87507063892}"
EndProject
Project("{FAE04EC0-301F-11D3-BF4B-00C04F79EFBC}") = "CarbonFitness.Data", "CarbonFitness.Data\CarbonFitness.Data.csproj", "{6F4E5A58-7F62-4EAC-9C4C-7CF9CEE5F357}"
EndProject
Project("{FAE04EC0-301F-11D3-BF4B-00C04F79EFBC}") = "CarbonFitness.DataLayer", "CarbonFitness.DataLayer\CarbonFitness.DataLayer.csproj", "{5054CADA-7829-45AD-A842-098A2EB80FD4}"
EndProject
Project("{FAE04EC0-301F-11D3-BF4B-00C04F79EFBC}") = "CarbonFitness.Web", "CarbonFitnessWeb\CarbonFitness.Web.csproj", "{80FDDA98-41A8-4D8D-AF90-7280AB9A319F}"
EndProject
Project("{FAE04EC0-301F-11D3-BF4B-00C04F79EFBC}") = "CarbonFitnessTest.BusinessLogic", "CarbonFitnessTest.BusinessLogic\CarbonFitnessTest.BusinessLogic.csproj", "{10018F66-7FD5-443D-98CE-57784B814B14}"
EndProject
Project("{FAE04EC0-301F-11D3-BF4B-00C04F79EFBC}") = "CarbonFitnessTest.DataLayer", "CarbonFitnessTest.DataLayer\CarbonFitnessTest.DataLayer.csproj", "{F1713073-D688-4AAE-89FA-62E5B9E59F4E}"
EndProject
Project("{FAE04EC0-301F-11D3-BF4B-00C04F79EFBC}") = "CarbonFitnessTest.Integration", "CarbonFitnessTest.Integration\CarbonFitnessTest.Integration.csproj", "{041F7C3B-0883-46DD-9C1D-E8F8004BE6F9}"
EndProject
Project("{FAE04EC0-301F-11D3-BF4B-00C04F79EFBC}") = "CarbonFitnessTest.Web", "CarbonFitnessTest.Web\CarbonFitnessTest.Web.csproj", "{74D184FA-BC0B-4B94-8529-850CF68F20AA}"
EndProject
Project("{FAE04EC0-301F-11D3-BF4B-00C04F79EFBC}") = "CarbonFitnessTest.DataLayer.ObjectBased", "CarbonFitnessTest.DataLayer.ObjectBased\CarbonFitnessTest.DataLayer.ObjectBased.csproj", "{E5C3AAB7-7AF8-4C28-87D7-D3F5EA399D6A}"
EndProject
Project("{FAE04EC0-301F-11D3-BF4B-00C04F79EFBC}") = "CarbonFitness.DataLayer.ObjectBased", "CarbonFitness.DataLayer.ObjectBased\CarbonFitness.DataLayer.ObjectBased.csproj", "{6FF18FC1-0A8A-4D72-8F8F-B9B10BC55F66}"
EndProject
Global
	GlobalSection(SolutionConfigurationPlatforms) = preSolution
		Debug|Any CPU = Debug|Any CPU
		Release|Any CPU = Release|Any CPU
	EndGlobalSection
	GlobalSection(ProjectConfigurationPlatforms) = postSolution
		{D93A9DD8-A93F-4276-8F62-C87507063892}.Debug|Any CPU.ActiveCfg = Debug|Any CPU
		{D93A9DD8-A93F-4276-8F62-C87507063892}.Debug|Any CPU.Build.0 = Debug|Any CPU
		{D93A9DD8-A93F-4276-8F62-C87507063892}.Release|Any CPU.ActiveCfg = Release|Any CPU
		{D93A9DD8-A93F-4276-8F62-C87507063892}.Release|Any CPU.Build.0 = Release|Any CPU
		{6F4E5A58-7F62-4EAC-9C4C-7CF9CEE5F357}.Debug|Any CPU.ActiveCfg = Debug|Any CPU
		{6F4E5A58-7F62-4EAC-9C4C-7CF9CEE5F357}.Debug|Any CPU.Build.0 = Debug|Any CPU
		{6F4E5A58-7F62-4EAC-9C4C-7CF9CEE5F357}.Release|Any CPU.ActiveCfg = Release|Any CPU
		{6F4E5A58-7F62-4EAC-9C4C-7CF9CEE5F357}.Release|Any CPU.Build.0 = Release|Any CPU
		{5054CADA-7829-45AD-A842-098A2EB80FD4}.Debug|Any CPU.ActiveCfg = Debug|Any CPU
		{5054CADA-7829-45AD-A842-098A2EB80FD4}.Debug|Any CPU.Build.0 = Debug|Any CPU
		{5054CADA-7829-45AD-A842-098A2EB80FD4}.Release|Any CPU.ActiveCfg = Release|Any CPU
		{5054CADA-7829-45AD-A842-098A2EB80FD4}.Release|Any CPU.Build.0 = Release|Any CPU
		{80FDDA98-41A8-4D8D-AF90-7280AB9A319F}.Debug|Any CPU.ActiveCfg = Debug|Any CPU
		{80FDDA98-41A8-4D8D-AF90-7280AB9A319F}.Debug|Any CPU.Build.0 = Debug|Any CPU
		{80FDDA98-41A8-4D8D-AF90-7280AB9A319F}.Release|Any CPU.ActiveCfg = Release|Any CPU
		{80FDDA98-41A8-4D8D-AF90-7280AB9A319F}.Release|Any CPU.Build.0 = Release|Any CPU
		{10018F66-7FD5-443D-98CE-57784B814B14}.Debug|Any CPU.ActiveCfg = Debug|Any CPU
		{10018F66-7FD5-443D-98CE-57784B814B14}.Debug|Any CPU.Build.0 = Debug|Any CPU
		{10018F66-7FD5-443D-98CE-57784B814B14}.Release|Any CPU.ActiveCfg = Release|Any CPU
		{10018F66-7FD5-443D-98CE-57784B814B14}.Release|Any CPU.Build.0 = Release|Any CPU
		{F1713073-D688-4AAE-89FA-62E5B9E59F4E}.Debug|Any CPU.ActiveCfg = Debug|Any CPU
		{F1713073-D688-4AAE-89FA-62E5B9E59F4E}.Debug|Any CPU.Build.0 = Debug|Any CPU
		{F1713073-D688-4AAE-89FA-62E5B9E59F4E}.Release|Any CPU.ActiveCfg = Release|Any CPU
		{F1713073-D688-4AAE-89FA-62E5B9E59F4E}.Release|Any CPU.Build.0 = Release|Any CPU
		{041F7C3B-0883-46DD-9C1D-E8F8004BE6F9}.Debug|Any CPU.ActiveCfg = Debug|Any CPU
		{041F7C3B-0883-46DD-9C1D-E8F8004BE6F9}.Debug|Any CPU.Build.0 = Debug|Any CPU
		{041F7C3B-0883-46DD-9C1D-E8F8004BE6F9}.Release|Any CPU.ActiveCfg = Release|Any CPU
		{041F7C3B-0883-46DD-9C1D-E8F8004BE6F9}.Release|Any CPU.Build.0 = Release|Any CPU
		{74D184FA-BC0B-4B94-8529-850CF68F20AA}.Debug|Any CPU.ActiveCfg = Debug|Any CPU
		{74D184FA-BC0B-4B94-8529-850CF68F20AA}.Debug|Any CPU.Build.0 = Debug|Any CPU
		{74D184FA-BC0B-4B94-8529-850CF68F20AA}.Release|Any CPU.ActiveCfg = Release|Any CPU
		{74D184FA-BC0B-4B94-8529-850CF68F20AA}.Release|Any CPU.Build.0 = Release|Any CPU
		{E5C3AAB7-7AF8-4C28-87D7-D3F5EA399D6A}.Debug|Any CPU.ActiveCfg = Debug|Any CPU
		{E5C3AAB7-7AF8-4C28-87D7-D3F5EA399D6A}.Debug|Any CPU.Build.0 = Debug|Any CPU
		{E5C3AAB7-7AF8-4C28-87D7-D3F5EA399D6A}.Release|Any CPU.ActiveCfg = Release|Any CPU
		{E5C3AAB7-7AF8-4C28-87D7-D3F5EA399D6A}.Release|Any CPU.Build.0 = Release|Any CPU
		{6FF18FC1-0A8A-4D72-8F8F-B9B10BC55F66}.Debug|Any CPU.ActiveCfg = Debug|Any CPU
		{6FF18FC1-0A8A-4D72-8F8F-B9B10BC55F66}.Debug|Any CPU.Build.0 = Debug|Any CPU
		{6FF18FC1-0A8A-4D72-8F8F-B9B10BC55F66}.Release|Any CPU.ActiveCfg = Release|Any CPU
		{6FF18FC1-0A8A-4D72-8F8F-B9B10BC55F66}.Release|Any CPU.Build.0 = Release|Any CPU
	EndGlobalSection
	GlobalSection(SolutionProperties) = preSolution
		HideSolutionNode = FALSE
	EndGlobalSection
EndGlobal
